
Microsoft Visual Studio Solution File, Format Version 12.00
# Visual Studio Version 17
VisualStudioVersion = 17.2.32516.85
MinimumVisualStudioVersion = 10.0.40219.1
Project("{9A19103F-16F7-4668-BE54-9A1E7A4F7556}") = "BankAccountProject", "BankAccountProject\BankAccountProject.csproj", "{E28C5E2A-3538-4F3B-8C07-7F2EFAD5C1EC}"
EndProject
Global
	GlobalSection(SolutionConfigurationPlatforms) = preSolution
		Debug|Any CPU = Debug|Any CPU
		Release|Any CPU = Release|Any CPU
	EndGlobalSection
	GlobalSection(ProjectConfigurationPlatforms) = postSolution
		{E28C5E2A-3538-4F3B-8C07-7F2EFAD5C1EC}.Debug|Any CPU.ActiveCfg = Debug|Any CPU
		{E28C5E2A-3538-4F3B-8C07-7F2EFAD5C1EC}.Debug|Any CPU.Build.0 = Debug|Any CPU
		{E28C5E2A-3538-4F3B-8C07-7F2EFAD5C1EC}.Release|Any CPU.ActiveCfg = Release|Any CPU
		{E28C5E2A-3538-4F3B-8C07-7F2EFAD5C1EC}.Release|Any CPU.Build.0 = Release|Any CPU
	EndGlobalSection
	GlobalSection(SolutionProperties) = preSolution
		HideSolutionNode = FALSE
	EndGlobalSection
	GlobalSection(ExtensibilityGlobals) = postSolution
		SolutionGuid = {E8BF1B66-DB09-458F-8778-AAA37B72CE51}
	EndGlobalSection
EndGlobal
